
Microsoft Visual Studio Solution File, Format Version 12.00
# Visual Studio Version 17
VisualStudioVersion = 17.8.34330.188
MinimumVisualStudioVersion = 10.0.40219.1
Project("{FAE04EC0-301F-11D3-BF4B-00C04F79EFBC}") = "speech_to_text_app", "speech_to_text_app\speech_to_text_app.csproj", "{4D1C5A78-88DB-470C-81C8-898EF0537FFE}"
EndProject
Global
	GlobalSection(SolutionConfigurationPlatforms) = preSolution
		Debug|Any CPU = Debug|Any CPU
		Release|Any CPU = Release|Any CPU
	EndGlobalSection
	GlobalSection(ProjectConfigurationPlatforms) = postSolution
		{4D1C5A78-88DB-470C-81C8-898EF0537FFE}.Debug|Any CPU.ActiveCfg = Debug|Any CPU
		{4D1C5A78-88DB-470C-81C8-898EF0537FFE}.Debug|Any CPU.Build.0 = Debug|Any CPU
		{4D1C5A78-88DB-470C-81C8-898EF0537FFE}.Release|Any CPU.ActiveCfg = Release|Any CPU
		{4D1C5A78-88DB-470C-81C8-898EF0537FFE}.Release|Any CPU.Build.0 = Release|Any CPU
	EndGlobalSection
	GlobalSection(SolutionProperties) = preSolution
		HideSolutionNode = FALSE
	EndGlobalSection
	GlobalSection(ExtensibilityGlobals) = postSolution
		SolutionGuid = {B34DFD78-8F2A-44CA-BF7F-6B7432DD0160}
	EndGlobalSection
EndGlobal
